<?xml version="1.0" encoding="utf-8"?>
<Project ToolsVersion="17.0" xmlns="http://schemas.microsoft.com/developer/msbuild/2003">
  <ItemGroup>
    <CustomBuild Include="C:\Users\UA\Documents\projects\libraryManagementSystem2\libpqxxbuild\CMakeFiles\578fbd696b9ee49435e93a5929f1cc50\INSTALL_force.rule">
      <Filter>CMake Rules</Filter>
    </CustomBuild>
  </ItemGroup>
  <ItemGroup>
    <Filter Include="CMake Rules">
      <UniqueIdentifier>{CF023188-DA9A-3E59-B143-89C46195507A}</UniqueIdentifier>
    </Filter>
  </ItemGroup>
</Project>
